
Microsoft Visual Studio Solution File, Format Version 12.00
# Visual Studio Version 17
VisualStudioVersion = 17.0.32014.148
MinimumVisualStudioVersion = 10.0.40219.1
Project("{FAE04EC0-301F-11D3-BF4B-00C04F79EFBC}") = "labb1Entity", "labb1Entity\labb1Entity.csproj", "{0619550C-2D59-400A-803E-9D49DEDECE2F}"
EndProject
Global
	GlobalSection(SolutionConfigurationPlatforms) = preSolution
		Debug|Any CPU = Debug|Any CPU
		Release|Any CPU = Release|Any CPU
	EndGlobalSection
	GlobalSection(ProjectConfigurationPlatforms) = postSolution
		{0619550C-2D59-400A-803E-9D49DEDECE2F}.Debug|Any CPU.ActiveCfg = Debug|Any CPU
		{0619550C-2D59-400A-803E-9D49DEDECE2F}.Debug|Any CPU.Build.0 = Debug|Any CPU
		{0619550C-2D59-400A-803E-9D49DEDECE2F}.Release|Any CPU.ActiveCfg = Release|Any CPU
		{0619550C-2D59-400A-803E-9D49DEDECE2F}.Release|Any CPU.Build.0 = Release|Any CPU
	EndGlobalSection
	GlobalSection(SolutionProperties) = preSolution
		HideSolutionNode = FALSE
	EndGlobalSection
	GlobalSection(ExtensibilityGlobals) = postSolution
		SolutionGuid = {907F4C84-F76D-4382-B987-FBE3941FF6CE}
	EndGlobalSection
EndGlobal
